# Generated by buf. DO NOT EDIT.
version: v1
deps:
  - remote: buf.build
    owner: googleapis
    repository: googleapis
    commit: cc916c31859748a68fd229a3c8d7a2e8
    digest: shake256:469b049d0eb04203d5272062636c078decefc96fec69739159c25d85349c50c34c7706918a8b216c5c27f76939df48452148cff8c5c3ae77fa6ba5c25c1b8bf8
  - remote: buf.build
    owner: recap
    repository: arg-services
    commit: 24494c988cb04fb9a3d96b9420567edf
    digest: shake256:d05ad405afd6a92f4133150376cd010c3abacd623a7dbf179288397214ad3b411d6d0af92a4a26279d9626426401094b07ea9914702e43772543de0c8699335c
