# Generated by buf. DO NOT EDIT.
version: v1
deps:
  - remote: buf.build
    owner: googleapis
    repository: googleapis
    commit: 7a6bc1e3207144b38e9066861e1de0ff
    digest: shake256:d646836485c34192401253703c4e7ce899c826fceec060bf4b2a62c4749bd9976dc960833e134a1f814725e1ffd60b1bb3cf0335a7e99ef0e8cec34b070ffb66
  - remote: buf.build
    owner: recap
    repository: arg-services
    commit: cd28803c96524c2e8701165fb84810c7
    digest: shake256:4fc41d10e424f3c60cdcd7f4e6881fdabecef85d1befba7b0cbbd84e6e8860619c648626992836a5d2a1528dd0ab80276d493c20fa02256a6d704ce01ef42a64
