# Generated by buf. DO NOT EDIT.
version: v1
deps:
  - remote: buf.build
    owner: googleapis
    repository: googleapis
    commit: 28151c0d0a1641bf938a7672c500e01d
    digest: shake256:49215edf8ef57f7863004539deff8834cfb2195113f0b890dd1f67815d9353e28e668019165b9d872395871eeafcbab3ccfdb2b5f11734d3cca95be9e8d139de
  - remote: buf.build
    owner: recap
    repository: arg-services
    commit: 8347075ddfb14193bc0c60a39bcd830e
    digest: shake256:82f5a3e40caade245bc9d6e68f6317f19cbbe82f906ef0bb3c15b637cad186d60348cab48ea119a4aa77559cdcc7a4f85018d76549aa3b3ecb4e3b5297c2cc20
